{
  "version": 4,
  "terraform_version": "1.9.2",
  "serial": 1,
  "lineage": "c5af3147-1471-f0c3-6988-50caffadc0fc",
  "outputs": {},
  "resources": [
    {
      "mode": "managed",
      "type": "spotify_playlist",
      "name": "Terraform_Test_Playlist",
      "provider": "provider[\"registry.terraform.io/conradludgate/spotify\"]",
      "instances": [
        {
          "schema_version": 0,
          "attributes": {
            "description": null,
            "id": "6y6FDEtCTSzh0dxmerKJm3",
            "name": "Terraform-Test-Playlist",
            "public": true,
            "snapshot_id": "AAAAAkXx9rDsYxiQ34X7IJ5l56Z5TMJe",
            "tracks": [
              "7djCla4Gp1Kt3W5TPPeONJ"
            ]
          },
          "sensitive_attributes": [],
          "private": "bnVsbA=="
        }
      ]
    }
  ],
  "check_results": null
}
